
Microsoft Visual Studio Solution File, Format Version 12.00
# Visual Studio Version 16
VisualStudioVersion = 16.0.29409.12
MinimumVisualStudioVersion = 10.0.40219.1
Project("{FAE04EC0-301F-11D3-BF4B-00C04F79EFBC}") = "QuanLiThuVien", "QuanLiThuVien\QuanLiThuVien.csproj", "{AB5462A7-AF87-47E4-BA3A-A34D549915EC}"
EndProject
Global
	GlobalSection(SolutionConfigurationPlatforms) = preSolution
		Debug|Any CPU = Debug|Any CPU
		Release|Any CPU = Release|Any CPU
	EndGlobalSection
	GlobalSection(ProjectConfigurationPlatforms) = postSolution
		{AB5462A7-AF87-47E4-BA3A-A34D549915EC}.Debug|Any CPU.ActiveCfg = Debug|Any CPU
		{AB5462A7-AF87-47E4-BA3A-A34D549915EC}.Debug|Any CPU.Build.0 = Debug|Any CPU
		{AB5462A7-AF87-47E4-BA3A-A34D549915EC}.Release|Any CPU.ActiveCfg = Release|Any CPU
		{AB5462A7-AF87-47E4-BA3A-A34D549915EC}.Release|Any CPU.Build.0 = Release|Any CPU
	EndGlobalSection
	GlobalSection(SolutionProperties) = preSolution
		HideSolutionNode = FALSE
	EndGlobalSection
	GlobalSection(ExtensibilityGlobals) = postSolution
		SolutionGuid = {80BBFC84-52DE-43EE-9DC8-40D34D7FC6AA}
	EndGlobalSection
EndGlobal
